
Microsoft Visual Studio Solution File, Format Version 12.00
# Visual Studio Version 16
VisualStudioVersion = 16.0.30621.155
MinimumVisualStudioVersion = 10.0.40219.1
Project("{FAE04EC0-301F-11D3-BF4B-00C04F79EFBC}") = "Laundry_shop_manager", "Laundry_shop_manager\Laundry_shop_manager.csproj", "{A3613285-DA9F-4337-978D-3E160641EF89}"
EndProject
Global
	GlobalSection(SolutionConfigurationPlatforms) = preSolution
		Debug|Any CPU = Debug|Any CPU
		Release|Any CPU = Release|Any CPU
	EndGlobalSection
	GlobalSection(ProjectConfigurationPlatforms) = postSolution
		{A3613285-DA9F-4337-978D-3E160641EF89}.Debug|Any CPU.ActiveCfg = Debug|Any CPU
		{A3613285-DA9F-4337-978D-3E160641EF89}.Debug|Any CPU.Build.0 = Debug|Any CPU
		{A3613285-DA9F-4337-978D-3E160641EF89}.Release|Any CPU.ActiveCfg = Release|Any CPU
		{A3613285-DA9F-4337-978D-3E160641EF89}.Release|Any CPU.Build.0 = Release|Any CPU
	EndGlobalSection
	GlobalSection(SolutionProperties) = preSolution
		HideSolutionNode = FALSE
	EndGlobalSection
	GlobalSection(ExtensibilityGlobals) = postSolution
		SolutionGuid = {1E1DE62B-A216-4A03-8C6B-BE059011676A}
	EndGlobalSection
EndGlobal
